// !$*UTF8*$!
{
	archiveVersion = 1;
	classes = {
	};
	objectVersion = 50;
	objects = {

/* Begin PBXBuildFile section */
		1F8A049722E17A1400CAA751 /* Persistence.swift in Sources */ = {isa = PBXBuildFile; fileRef = 1F8A049622E17A1400CAA751 /* Persistence.swift */; };
		F293BE67215BACDC009201B1 /* AppDelegate.swift in Sources */ = {isa = PBXBuildFile; fileRef = F293BE66215BACDC009201B1 /* AppDelegate.swift */; };
		F293BE6E215BACDF009201B1 /* Assets.xcassets in Resources */ = {isa = PBXBuildFile; fileRef = F293BE6D215BACDF009201B1 /* Assets.xcassets */; };
		F293BE71215BACDF009201B1 /* LaunchScreen.storyboard in Resources */ = {isa = PBXBuildFile; fileRef = F293BE6F215BACDF009201B1 /* LaunchScreen.storyboard */; };
		F293BE83215D5E33009201B1 /* Main.storyboard in Resources */ = {isa = PBXBuildFile; fileRef = F293BE81215D5E33009201B1 /* Main.storyboard */; };
		F293BE8A215D5E89009201B1 /* Action.swift in Sources */ = {isa = PBXBuildFile; fileRef = F293BE85215D5E89009201B1 /* Action.swift */; };
		F293BE8B215D5E89009201B1 /* CollectionViewCell.swift in Sources */ = {isa = PBXBuildFile; fileRef = F293BE87215D5E89009201B1 /* CollectionViewCell.swift */; };
		F293BE8C215D5E89009201B1 /* ViewController.swift in Sources */ = {isa = PBXBuildFile; fileRef = F293BE89215D5E89009201B1 /* ViewController.swift */; };
/* End PBXBuildFile section */

/* Begin PBXFileReference section */
		1F8A049622E17A1400CAA751 /* Persistence.swift */ = {isa = PBXFileReference; lastKnownFileType = sourcecode.swift; path = Persistence.swift; sourceTree = "<group>"; };
		F293BE63215BACDC009201B1 /* ShortCuts.app */ = {isa = PBXFileReference; explicitFileType = wrapper.application; includeInIndex = 0; path = ShortCuts.app; sourceTree = BUILT_PRODUCTS_DIR; };
		F293BE66215BACDC009201B1 /* AppDelegate.swift */ = {isa = PBXFileReference; lastKnownFileType = sourcecode.swift; path = AppDelegate.swift; sourceTree = "<group>"; };
		F293BE6D215BACDF009201B1 /* Assets.xcassets */ = {isa = PBXFileReference; lastKnownFileType = folder.assetcatalog; path = Assets.xcassets; sourceTree = "<group>"; };
		F293BE70215BACDF009201B1 /* Base */ = {isa = PBXFileReference; lastKnownFileType = file.storyboard; name = Base; path = Base.lproj/LaunchScreen.storyboard; sourceTree = "<group>"; };
		F293BE72215BACDF009201B1 /* Info.plist */ = {isa = PBXFileReference; lastKnownFileType = text.plist.xml; path = Info.plist; sourceTree = "<group>"; };
		F293BE7C215BB957009201B1 /* ShortCuts.entitlements */ = {isa = PBXFileReference; lastKnownFileType = text.plist.entitlements; path = ShortCuts.entitlements; sourceTree = "<group>"; };
		F293BE82215D5E33009201B1 /* Base */ = {isa = PBXFileReference; lastKnownFileType = file.storyboard; name = Base; path = Base.lproj/Main.storyboard; sourceTree = "<group>"; };
		F293BE85215D5E89009201B1 /* Action.swift */ = {isa = PBXFileReference; fileEncoding = 4; lastKnownFileType = sourcecode.swift; path = Action.swift; sourceTree = "<group>"; };
		F293BE87215D5E89009201B1 /* CollectionViewCell.swift */ = {isa = PBXFileReference; fileEncoding = 4; lastKnownFileType = sourcecode.swift; path = CollectionViewCell.swift; sourceTree = "<group>"; };
		F293BE89215D5E89009201B1 /* ViewController.swift */ = {isa = PBXFileReference; fileEncoding = 4; lastKnownFileType = sourcecode.swift; path = ViewController.swift; sourceTree = "<group>"; };
/* End PBXFileReference section */

/* Begin PBXFrameworksBuildPhase section */
		F293BE60215BACDC009201B1 /* Frameworks */ = {
			isa = PBXFrameworksBuildPhase;
			buildActionMask = 2147483647;
			files = (
			);
			runOnlyForDeploymentPostprocessing = 0;
		};
/* End PBXFrameworksBuildPhase section */

/* Begin PBXGroup section */
		F293BE5A215BACDC009201B1 = {
			isa = PBXGroup;
			children = (
				F293BE65215BACDC009201B1 /* ShortCuts */,
				F293BE64215BACDC009201B1 /* Products */,
			);
			sourceTree = "<group>";
		};
		F293BE64215BACDC009201B1 /* Products */ = {
			isa = PBXGroup;
			children = (
				F293BE63215BACDC009201B1 /* ShortCuts.app */,
			);
			name = Products;
			sourceTree = "<group>";
		};
		F293BE65215BACDC009201B1 /* ShortCuts */ = {
			isa = PBXGroup;
			children = (
				F293BE7C215BB957009201B1 /* ShortCuts.entitlements */,
				F293BE66215BACDC009201B1 /* AppDelegate.swift */,
				F293BE84215D5E89009201B1 /* Model */,
				F293BE86215D5E89009201B1 /* View */,
				F293BE88215D5E89009201B1 /* ViewController */,
				F293BE80215D5E33009201B1 /* Storyboards */,
				F293BE6D215BACDF009201B1 /* Assets.xcassets */,
				F293BE72215BACDF009201B1 /* Info.plist */,
			);
			path = ShortCuts;
			sourceTree = "<group>";
		};
		F293BE80215D5E33009201B1 /* Storyboards */ = {
			isa = PBXGroup;
			children = (
				F293BE6F215BACDF009201B1 /* LaunchScreen.storyboard */,
				F293BE81215D5E33009201B1 /* Main.storyboard */,
			);
			path = Storyboards;
			sourceTree = "<group>";
		};
		F293BE84215D5E89009201B1 /* Model */ = {
			isa = PBXGroup;
			children = (
				F293BE85215D5E89009201B1 /* Action.swift */,
				1F8A049622E17A1400CAA751 /* Persistence.swift */,
			);
			path = Model;
			sourceTree = "<group>";
		};
		F293BE86215D5E89009201B1 /* View */ = {
			isa = PBXGroup;
			children = (
				F293BE87215D5E89009201B1 /* CollectionViewCell.swift */,
			);
			path = View;
			sourceTree = "<group>";
		};
		F293BE88215D5E89009201B1 /* ViewController */ = {
			isa = PBXGroup;
			children = (
				F293BE89215D5E89009201B1 /* ViewController.swift */,
			);
			path = ViewController;
			sourceTree = "<group>";
		};
/* End PBXGroup section */

/* Begin PBXNativeTarget section */
		F293BE62215BACDC009201B1 /* ShortCuts */ = {
			isa = PBXNativeTarget;
			buildConfigurationList = F293BE75215BACDF009201B1 /* Build configuration list for PBXNativeTarget "ShortCuts" */;
			buildPhases = (
				F293BE5F215BACDC009201B1 /* Sources */,
				F293BE60215BACDC009201B1 /* Frameworks */,
				F293BE61215BACDC009201B1 /* Resources */,
			);
			buildRules = (
			);
			dependencies = (
			);
			name = ShortCuts;
			productName = ShortCuts;
			productReference = F293BE63215BACDC009201B1 /* ShortCuts.app */;
			productType = "com.apple.product-type.application";
		};
/* End PBXNativeTarget section */

/* Begin PBXProject section */
		F293BE5B215BACDC009201B1 /* Project object */ = {
			isa = PBXProject;
			attributes = {
				LastSwiftUpdateCheck = 1000;
				LastUpgradeCheck = 1000;
				ORGANIZATIONNAME = "Rodrigo Noronha";
				TargetAttributes = {
					F293BE62215BACDC009201B1 = {
						CreatedOnToolsVersion = 10.0;
						SystemCapabilities = {
							com.apple.Siri = {
								enabled = 1;
							};
						};
					};
				};
			};
			buildConfigurationList = F293BE5E215BACDC009201B1 /* Build configuration list for PBXProject "ShortCuts" */;
			compatibilityVersion = "Xcode 9.3";
			developmentRegion = en;
			hasScannedForEncodings = 0;
			knownRegions = (
				en,
				Base,
			);
			mainGroup = F293BE5A215BACDC009201B1;
			productRefGroup = F293BE64215BACDC009201B1 /* Products */;
			projectDirPath = "";
			projectRoot = "";
			targets = (
				F293BE62215BACDC009201B1 /* ShortCuts */,
			);
		};
/* End PBXProject section */

/* Begin PBXResourcesBuildPhase section */
		F293BE61215BACDC009201B1 /* Resources */ = {
			isa = PBXResourcesBuildPhase;
			buildActionMask = 2147483647;
			files = (
				F293BE83215D5E33009201B1 /* Main.storyboard in Resources */,
				F293BE71215BACDF009201B1 /* LaunchScreen.storyboard in Resources */,
				F293BE6E215BACDF009201B1 /* Assets.xcassets in Resources */,
			);
			runOnlyForDeploymentPostprocessing = 0;
		};
/* End PBXResourcesBuildPhase section */

/* Begin PBXSourcesBuildPhase section */
		F293BE5F215BACDC009201B1 /* Sources */ = {
			isa = PBXSourcesBuildPhase;
			buildActionMask = 2147483647;
			files = (
				F293BE67215BACDC009201B1 /* AppDelegate.swift in Sources */,
				F293BE8A215D5E89009201B1 /* Action.swift in Sources */,
				F293BE8C215D5E89009201B1 /* ViewController.swift in Sources */,
				F293BE8B215D5E89009201B1 /* CollectionViewCell.swift in Sources */,
				1F8A049722E17A1400CAA751 /* Persistence.swift in Sources */,
			);
			runOnlyForDeploymentPostprocessing = 0;
		};
/* End PBXSourcesBuildPhase section */

/* Begin PBXVariantGroup section */
		F293BE6F215BACDF009201B1 /* LaunchScreen.storyboard */ = {
			isa = PBXVariantGroup;
			children = (
				F293BE70215BACDF009201B1 /* Base */,
			);
			name = LaunchScreen.storyboard;
			sourceTree = "<group>";
		};
		F293BE81215D5E33009201B1 /* Main.storyboard */ = {
			isa = PBXVariantGroup;
			children = (
				F293BE82215D5E33009201B1 /* Base */,
			);
			name = Main.storyboard;
			sourceTree = "<group>";
		};
/* End PBXVariantGroup section */

/* Begin XCBuildConfiguration section */
		F293BE73215BACDF009201B1 /* Debug */ = {
			isa = XCBuildConfiguration;
			buildSettings = {
				ALWAYS_SEARCH_USER_PATHS = NO;
				CLANG_ANALYZER_NONNULL = YES;
				CLANG_ANALYZER_NUMBER_OBJECT_CONVERSION = YES_AGGRESSIVE;
				CLANG_CXX_LANGUAGE_STANDARD = "gnu++14";
				CLANG_CXX_LIBRARY = "libc++";
				CLANG_ENABLE_MODULES = YES;
				CLANG_ENABLE_OBJC_ARC = YES;
				CLANG_ENABLE_OBJC_WEAK = YES;
				CLANG_WARN_BLOCK_CAPTURE_AUTORELEASING = YES;
				CLANG_WARN_BOOL_CONVERSION = YES;
				CLANG_WARN_COMMA = YES;
				CLANG_WARN_CONSTANT_CONVERSION = YES;
				CLANG_WARN_DEPRECATED_OBJC_IMPLEMENTATIONS = YES;
				CLANG_WARN_DIRECT_OBJC_ISA_USAGE = YES_ERROR;
				CLANG_WARN_DOCUMENTATION_COMMENTS = YES;
				CLANG_WARN_EMPTY_BODY = YES;
				CLANG_WARN_ENUM_CONVERSION = YES;
				CLANG_WARN_INFINITE_RECURSION = YES;
				CLANG_WARN_INT_CONVERSION = YES;
				CLANG_WARN_NON_LITERAL_NULL_CONVERSION = YES;
				CLANG_WARN_OBJC_IMPLICIT_RETAIN_SELF = YES;
				CLANG_WARN_OBJC_LITERAL_CONVERSION = YES;
				CLANG_WARN_OBJC_ROOT_CLASS = YES_ERROR;
				CLANG_WARN_RANGE_LOOP_ANALYSIS = YES;
				CLANG_WARN_STRICT_PROTOTYPES = YES;
				CLANG_WARN_SUSPICIOUS_MOVE = YES;
				CLANG_WARN_UNGUARDED_AVAILABILITY = YES_AGGRESSIVE;
				CLANG_WARN_UNREACHABLE_CODE = YES;
				CLANG_WARN__DUPLICATE_METHOD_MATCH = YES;
				CODE_SIGN_IDENTITY = "iPhone Developer";
				COPY_PHASE_STRIP = NO;
				DEBUG_INFORMATION_FORMAT = dwarf;
				ENABLE_STRICT_OBJC_MSGSEND = YES;
				ENABLE_TESTABILITY = YES;
				GCC_C_LANGUAGE_STANDARD = gnu11;
				GCC_DYNAMIC_NO_PIC = NO;
				GCC_NO_COMMON_BLOCKS = YES;
				GCC_OPTIMIZATION_LEVEL = 0;
				GCC_PREPROCESSOR_DEFINITIONS = (
					"DEBUG=1",
					"$(inherited)",
				);
				GCC_WARN_64_TO_32_BIT_CONVERSION = YES;
				GCC_WARN_ABOUT_RETURN_TYPE = YES_ERROR;
				GCC_WARN_UNDECLARED_SELECTOR = YES;
				GCC_WARN_UNINITIALIZED_AUTOS = YES_AGGRESSIVE;
				GCC_WARN_UNUSED_FUNCTION = YES;
				GCC_WARN_UNUSED_VARIABLE = YES;
				IPHONEOS_DEPLOYMENT_TARGET = 12.0;
				MTL_ENABLE_DEBUG_INFO = INCLUDE_SOURCE;
				MTL_FAST_MATH = YES;
				ONLY_ACTIVE_ARCH = YES;
				SDKROOT = iphoneos;
				SWIFT_ACTIVE_COMPILATION_CONDITIONS = DEBUG;
				SWIFT_OPTIMIZATION_LEVEL = "-Onone";
			};
			name = Debug;
		};
		F293BE74215BACDF009201B1 /* Release */ = {
			isa = XCBuildConfiguration;
			buildSettings = {
				ALWAYS_SEARCH_USER_PATHS = NO;
				CLANG_ANALYZER_NONNULL = YES;
				CLANG_ANALYZER_NUMBER_OBJECT_CONVERSION = YES_AGGRESSIVE;
				CLANG_CXX_LANGUAGE_STANDARD = "gnu++14";
				CLANG_CXX_LIBRARY = "libc++";
				CLANG_ENABLE_MODULES = YES;
				CLANG_ENABLE_OBJC_ARC = YES;
				CLANG_ENABLE_OBJC_WEAK = YES;
				CLANG_WARN_BLOCK_CAPTURE_AUTORELEASING = YES;
				CLANG_WARN_BOOL_CONVERSION = YES;
				CLANG_WARN_COMMA = YES;
				CLANG_WARN_CONSTANT_CONVERSION = YES;
				CLANG_WARN_DEPRECATED_OBJC_IMPLEMENTATIONS = YES;
				CLANG_WARN_DIRECT_OBJC_ISA_USAGE = YES_ERROR;
				CLANG_WARN_DOCUMENTATION_COMMENTS = YES;
				CLANG_WARN_EMPTY_BODY = YES;
				CLANG_WARN_ENUM_CONVERSION = YES;
				CLANG_WARN_INFINITE_RECURSION = YES;
				CLANG_WARN_INT_CONVERSION = YES;
				CLANG_WARN_NON_LITERAL_NULL_CONVERSION = YES;
				CLANG_WARN_OBJC_IMPLICIT_RETAIN_SELF = YES;
				CLANG_WARN_OBJC_LITERAL_CONVERSION = YES;
				CLANG_WARN_OBJC_ROOT_CLASS = YES_ERROR;
				CLANG_WARN_RANGE_LOOP_ANALYSIS = YES;
				CLANG_WARN_STRICT_PROTOTYPES = YES;
				CLANG_WARN_SUSPICIOUS_MOVE = YES;
				CLANG_WARN_UNGUARDED_AVAILABILITY = YES_AGGRESSIVE;
				CLANG_WARN_UNREACHABLE_CODE = YES;
				CLANG_WARN__DUPLICATE_METHOD_MATCH = YES;
				CODE_SIGN_IDENTITY = "iPhone Developer";
				COPY_PHASE_STRIP = NO;
				DEBUG_INFORMATION_FORMAT = "dwarf-with-dsym";
				ENABLE_NS_ASSERTIONS = NO;
				ENABLE_STRICT_OBJC_MSGSEND = YES;
				GCC_C_LANGUAGE_STANDARD = gnu11;
				GCC_NO_COMMON_BLOCKS = YES;
				GCC_WARN_64_TO_32_BIT_CONVERSION = YES;
				GCC_WARN_ABOUT_RETURN_TYPE = YES_ERROR;
				GCC_WARN_UNDECLARED_SELECTOR = YES;
				GCC_WARN_UNINITIALIZED_AUTOS = YES_AGGRESSIVE;
				GCC_WARN_UNUSED_FUNCTION = YES;
				GCC_WARN_UNUSED_VARIABLE = YES;
				IPHONEOS_DEPLOYMENT_TARGET = 12.0;
				MTL_ENABLE_DEBUG_INFO = NO;
				MTL_FAST_MATH = YES;
				SDKROOT = iphoneos;
				SWIFT_COMPILATION_MODE = wholemodule;
				SWIFT_OPTIMIZATION_LEVEL = "-O";
				VALIDATE_PRODUCT = YES;
			};
			name = Release;
		};
		F293BE76215BACDF009201B1 /* Debug */ = {
			isa = XCBuildConfiguration;
			buildSettings = {
				ASSETCATALOG_COMPILER_APPICON_NAME = AppIcon;
				CODE_SIGN_ENTITLEMENTS = ShortCuts/ShortCuts.entitlements;
				CODE_SIGN_STYLE = Automatic;
				DEVELOPMENT_TEAM = K3MJ38Y24S;
				INFOPLIST_FILE = ShortCuts/Info.plist;
				LD_RUNPATH_SEARCH_PATHS = (
					"$(inherited)",
					"@executable_path/Frameworks",
				);
				PRODUCT_BUNDLE_IDENTIFIER = com.rodrigomaximo.Movile.ShortCuts;
				PRODUCT_NAME = "$(TARGET_NAME)";
				SWIFT_VERSION = 4.2;
				TARGETED_DEVICE_FAMILY = "1,2";
			};
			name = Debug;
		};
		F293BE77215BACDF009201B1 /* Release */ = {
			isa = XCBuildConfiguration;
			buildSettings = {
				ASSETCATALOG_COMPILER_APPICON_NAME = AppIcon;
				CODE_SIGN_ENTITLEMENTS = ShortCuts/ShortCuts.entitlements;
				CODE_SIGN_STYLE = Automatic;
				DEVELOPMENT_TEAM = K3MJ38Y24S;
				INFOPLIST_FILE = ShortCuts/Info.plist;
				LD_RUNPATH_SEARCH_PATHS = (
					"$(inherited)",
					"@executable_path/Frameworks",
				);
				PRODUCT_BUNDLE_IDENTIFIER = com.rodrigomaximo.Movile.ShortCuts;
				PRODUCT_NAME = "$(TARGET_NAME)";
				SWIFT_VERSION = 4.2;
				TARGETED_DEVICE_FAMILY = "1,2";
			};
			name = Release;
		};
/* End XCBuildConfiguration section */

/* Begin XCConfigurationList section */
		F293BE5E215BACDC009201B1 /* Build configuration list for PBXProject "ShortCuts" */ = {
			isa = XCConfigurationList;
			buildConfigurations = (
				F293BE73215BACDF009201B1 /* Debug */,
				F293BE74215BACDF009201B1 /* Release */,
			);
			defaultConfigurationIsVisible = 0;
			defaultConfigurationName = Release;
		};
		F293BE75215BACDF009201B1 /* Build configuration list for PBXNativeTarget "ShortCuts" */ = {
			isa = XCConfigurationList;
			buildConfigurations = (
				F293BE76215BACDF009201B1 /* Debug */,
				F293BE77215BACDF009201B1 /* Release */,
			);
			defaultConfigurationIsVisible = 0;
			defaultConfigurationName = Release;
		};
/* End XCConfigurationList section */
	};
	rootObject = F293BE5B215BACDC009201B1 /* Project object */;
}
